{
  "nodes": {
    "darwin-share": {
      "flake": false,
      "locked": {
        "narHash": "sha256-pmuXBrT/BQKtoJaKRMrBQZGLktuEATX7rbglkuaPIIs=",
        "type": "file",
        "url": "https://cdn-media.huggingface.co/frpc-gradio-0.2/frpc_darwin_arm64"
      },
      "original": {
        "type": "file",
        "url": "https://cdn-media.huggingface.co/frpc-gradio-0.2/frpc_darwin_arm64"
      }
    },
    "linux-share": {
      "flake": false,
      "locked": {
        "narHash": "sha256-XEqeM7R6uU/HRYFtm87E2tAqGgny2wc1iJv0bjoSY6s=",
        "type": "file",
        "url": "https://cdn-media.huggingface.co/frpc-gradio-0.2/frpc_linux_amd64"
      },
      "original": {
        "type": "file",
        "url": "https://cdn-media.huggingface.co/frpc-gradio-0.2/frpc_linux_amd64"
      }
    },
    "nixpkgs": {
      "locked": {
        "lastModified": 1728241625,
        "narHash": "sha256-yumd4fBc/hi8a9QgA9IT8vlQuLZ2oqhkJXHPKxH/tRw=",
        "owner": "nixos",
        "repo": "nixpkgs",
        "rev": "c31898adf5a8ed202ce5bea9f347b1c6871f32d1",
        "type": "github"
      },
      "original": {
        "owner": "nixos",
        "ref": "nixos-unstable",
        "repo": "nixpkgs",
        "type": "github"
      }
    },
    "root": {
      "inputs": {
        "darwin-share": "darwin-share",
        "linux-share": "linux-share",
        "nixpkgs": "nixpkgs"
      }
    }
  },
  "root": "root",
  "version": 7
}
