{
  "nodes": {
    "darwin-share": {
      "flake": false,
      "locked": {
        "narHash": "sha256-pmuXBrT/BQKtoJaKRMrBQZGLktuEATX7rbglkuaPIIs=",
        "type": "file",
        "url": "https://cdn-media.huggingface.co/frpc-gradio-0.2/frpc_darwin_arm64"
      },
      "original": {
        "type": "file",
        "url": "https://cdn-media.huggingface.co/frpc-gradio-0.2/frpc_darwin_arm64"
      }
    },
    "linux-share": {
      "flake": false,
      "locked": {
        "narHash": "sha256-XEqeM7R6uU/HRYFtm87E2tAqGgny2wc1iJv0bjoSY6s=",
        "type": "file",
        "url": "https://cdn-media.huggingface.co/frpc-gradio-0.2/frpc_linux_amd64"
      },
      "original": {
        "type": "file",
        "url": "https://cdn-media.huggingface.co/frpc-gradio-0.2/frpc_linux_amd64"
      }
    },
    "nixpkgs": {
      "locked": {
        "lastModified": 1730785428,
        "narHash": "sha256-Zwl8YgTVJTEum+L+0zVAWvXAGbWAuXHax3KzuejaDyo=",
        "owner": "nixos",
        "repo": "nixpkgs",
        "rev": "4aa36568d413aca0ea84a1684d2d46f55dbabad7",
        "type": "github"
      },
      "original": {
        "owner": "nixos",
        "ref": "nixos-unstable",
        "repo": "nixpkgs",
        "type": "github"
      }
    },
    "root": {
      "inputs": {
        "darwin-share": "darwin-share",
        "linux-share": "linux-share",
        "nixpkgs": "nixpkgs"
      }
    }
  },
  "root": "root",
  "version": 7
}
