{
  "nodes": {
    "darwin-share": {
      "flake": false,
      "locked": {
        "narHash": "sha256-KpJ6WspXfwDKUATEBSm2CpLCD//kyFvaJGJqBASatcA=",
        "type": "file",
        "url": "https://cdn-media.huggingface.co/frpc-gradio-0.3/frpc_darwin_arm64"
      },
      "original": {
        "type": "file",
        "url": "https://cdn-media.huggingface.co/frpc-gradio-0.3/frpc_darwin_arm64"
      }
    },
    "linux-share": {
      "flake": false,
      "locked": {
        "narHash": "sha256-VY9i4vla8XmwC8jKwRxvnHduxR4dM9ixiMhFxzcAVDU=",
        "type": "file",
        "url": "https://cdn-media.huggingface.co/frpc-gradio-0.3/frpc_linux_amd64"
      },
      "original": {
        "type": "file",
        "url": "https://cdn-media.huggingface.co/frpc-gradio-0.3/frpc_linux_amd64"
      }
    },
    "nixpkgs": {
      "locked": {
        "lastModified": 1751792365,
        "narHash": "sha256-J1kI6oAj25IG4EdVlg2hQz8NZTBNYvIS0l4wpr9KcUo=",
        "owner": "nixos",
        "repo": "nixpkgs",
        "rev": "1fd8bada0b6117e6c7eb54aad5813023eed37ccb",
        "type": "github"
      },
      "original": {
        "owner": "nixos",
        "ref": "nixos-unstable",
        "repo": "nixpkgs",
        "type": "github"
      }
    },
    "root": {
      "inputs": {
        "darwin-share": "darwin-share",
        "linux-share": "linux-share",
        "nixpkgs": "nixpkgs"
      }
    }
  },
  "root": "root",
  "version": 7
}
